// !$*UTF8*$!
{
	archiveVersion = 1;
	classes = {
	};
	objectVersion = 50;
	objects = {

/* Begin PBXBuildFile section */
		B57003DD265543E000A934B3 /* AppDelegate.swift in Sources */ = {isa = PBXBuildFile; fileRef = B57003DC265543E000A934B3 /* AppDelegate.swift */; };
		B57003DF265543E000A934B3 /* SceneDelegate.swift in Sources */ = {isa = PBXBuildFile; fileRef = B57003DE265543E000A934B3 /* SceneDelegate.swift */; };
		B57003E1265543E000A934B3 /* ViewController.swift in Sources */ = {isa = PBXBuildFile; fileRef = B57003E0265543E000A934B3 /* ViewController.swift */; };
		B57003E4265543E000A934B3 /* Main.storyboard in Resources */ = {isa = PBXBuildFile; fileRef = B57003E2265543E000A934B3 /* Main.storyboard */; };
		B57003E6265543E500A934B3 /* Assets.xcassets in Resources */ = {isa = PBXBuildFile; fileRef = B57003E5265543E500A934B3 /* Assets.xcassets */; };
		B57003E9265543E500A934B3 /* LaunchScreen.storyboard in Resources */ = {isa = PBXBuildFile; fileRef = B57003E7265543E500A934B3 /* LaunchScreen.storyboard */; };
		B57003F4265543E500A934B3 /* UIAlertControllerTests.swift in Sources */ = {isa = PBXBuildFile; fileRef = B57003F3265543E500A934B3 /* UIAlertControllerTests.swift */; };
		B57003FF265543E500A934B3 /* UIAlertControllerUITests.swift in Sources */ = {isa = PBXBuildFile; fileRef = B57003FE265543E500A934B3 /* UIAlertControllerUITests.swift */; };
		B5760D032656A5F500949924 /* UIAlertControllerExtension.swift in Sources */ = {isa = PBXBuildFile; fileRef = B5760D022656A5F500949924 /* UIAlertControllerExtension.swift */; };
/* End PBXBuildFile section */

/* Begin PBXContainerItemProxy section */
		B57003F0265543E500A934B3 /* PBXContainerItemProxy */ = {
			isa = PBXContainerItemProxy;
			containerPortal = B57003D1265543E000A934B3 /* Project object */;
			proxyType = 1;
			remoteGlobalIDString = B57003D8265543E000A934B3;
			remoteInfo = UIAlertController;
		};
		B57003FB265543E500A934B3 /* PBXContainerItemProxy */ = {
			isa = PBXContainerItemProxy;
			containerPortal = B57003D1265543E000A934B3 /* Project object */;
			proxyType = 1;
			remoteGlobalIDString = B57003D8265543E000A934B3;
			remoteInfo = UIAlertController;
		};
/* End PBXContainerItemProxy section */

/* Begin PBXFileReference section */
		B57003D9265543E000A934B3 /* UIAlertController.app */ = {isa = PBXFileReference; explicitFileType = wrapper.application; includeInIndex = 0; path = UIAlertController.app; sourceTree = BUILT_PRODUCTS_DIR; };
		B57003DC265543E000A934B3 /* AppDelegate.swift */ = {isa = PBXFileReference; lastKnownFileType = sourcecode.swift; path = AppDelegate.swift; sourceTree = "<group>"; };
		B57003DE265543E000A934B3 /* SceneDelegate.swift */ = {isa = PBXFileReference; lastKnownFileType = sourcecode.swift; path = SceneDelegate.swift; sourceTree = "<group>"; };
		B57003E0265543E000A934B3 /* ViewController.swift */ = {isa = PBXFileReference; lastKnownFileType = sourcecode.swift; path = ViewController.swift; sourceTree = "<group>"; };
		B57003E3265543E000A934B3 /* Base */ = {isa = PBXFileReference; lastKnownFileType = file.storyboard; name = Base; path = Base.lproj/Main.storyboard; sourceTree = "<group>"; };
		B57003E5265543E500A934B3 /* Assets.xcassets */ = {isa = PBXFileReference; lastKnownFileType = folder.assetcatalog; path = Assets.xcassets; sourceTree = "<group>"; };
		B57003E8265543E500A934B3 /* Base */ = {isa = PBXFileReference; lastKnownFileType = file.storyboard; name = Base; path = Base.lproj/LaunchScreen.storyboard; sourceTree = "<group>"; };
		B57003EA265543E500A934B3 /* Info.plist */ = {isa = PBXFileReference; lastKnownFileType = text.plist.xml; path = Info.plist; sourceTree = "<group>"; };
		B57003EF265543E500A934B3 /* UIAlertControllerTests.xctest */ = {isa = PBXFileReference; explicitFileType = wrapper.cfbundle; includeInIndex = 0; path = UIAlertControllerTests.xctest; sourceTree = BUILT_PRODUCTS_DIR; };
		B57003F3265543E500A934B3 /* UIAlertControllerTests.swift */ = {isa = PBXFileReference; lastKnownFileType = sourcecode.swift; path = UIAlertControllerTests.swift; sourceTree = "<group>"; };
		B57003F5265543E500A934B3 /* Info.plist */ = {isa = PBXFileReference; lastKnownFileType = text.plist.xml; path = Info.plist; sourceTree = "<group>"; };
		B57003FA265543E500A934B3 /* UIAlertControllerUITests.xctest */ = {isa = PBXFileReference; explicitFileType = wrapper.cfbundle; includeInIndex = 0; path = UIAlertControllerUITests.xctest; sourceTree = BUILT_PRODUCTS_DIR; };
		B57003FE265543E500A934B3 /* UIAlertControllerUITests.swift */ = {isa = PBXFileReference; lastKnownFileType = sourcecode.swift; path = UIAlertControllerUITests.swift; sourceTree = "<group>"; };
		B5700400265543E500A934B3 /* Info.plist */ = {isa = PBXFileReference; lastKnownFileType = text.plist.xml; path = Info.plist; sourceTree = "<group>"; };
		B5760D022656A5F500949924 /* UIAlertControllerExtension.swift */ = {isa = PBXFileReference; lastKnownFileType = sourcecode.swift; path = UIAlertControllerExtension.swift; sourceTree = "<group>"; };
/* End PBXFileReference section */

/* Begin PBXFrameworksBuildPhase section */
		B57003D6265543E000A934B3 /* Frameworks */ = {
			isa = PBXFrameworksBuildPhase;
			buildActionMask = 2147483647;
			files = (
			);
			runOnlyForDeploymentPostprocessing = 0;
		};
		B57003EC265543E500A934B3 /* Frameworks */ = {
			isa = PBXFrameworksBuildPhase;
			buildActionMask = 2147483647;
			files = (
			);
			runOnlyForDeploymentPostprocessing = 0;
		};
		B57003F7265543E500A934B3 /* Frameworks */ = {
			isa = PBXFrameworksBuildPhase;
			buildActionMask = 2147483647;
			files = (
			);
			runOnlyForDeploymentPostprocessing = 0;
		};
/* End PBXFrameworksBuildPhase section */

/* Begin PBXGroup section */
		B57003D0265543E000A934B3 = {
			isa = PBXGroup;
			children = (
				B57003DB265543E000A934B3 /* UIAlertController */,
				B57003F2265543E500A934B3 /* UIAlertControllerTests */,
				B57003FD265543E500A934B3 /* UIAlertControllerUITests */,
				B57003DA265543E000A934B3 /* Products */,
			);
			sourceTree = "<group>";
		};
		B57003DA265543E000A934B3 /* Products */ = {
			isa = PBXGroup;
			children = (
				B57003D9265543E000A934B3 /* UIAlertController.app */,
				B57003EF265543E500A934B3 /* UIAlertControllerTests.xctest */,
				B57003FA265543E500A934B3 /* UIAlertControllerUITests.xctest */,
			);
			name = Products;
			sourceTree = "<group>";
		};
		B57003DB265543E000A934B3 /* UIAlertController */ = {
			isa = PBXGroup;
			children = (
				B57003DC265543E000A934B3 /* AppDelegate.swift */,
				B57003DE265543E000A934B3 /* SceneDelegate.swift */,
				B57003E0265543E000A934B3 /* ViewController.swift */,
				B57003E2265543E000A934B3 /* Main.storyboard */,
				B57003E5265543E500A934B3 /* Assets.xcassets */,
				B57003E7265543E500A934B3 /* LaunchScreen.storyboard */,
				B57003EA265543E500A934B3 /* Info.plist */,
				B5760D022656A5F500949924 /* UIAlertControllerExtension.swift */,
			);
			path = UIAlertController;
			sourceTree = "<group>";
		};
		B57003F2265543E500A934B3 /* UIAlertControllerTests */ = {
			isa = PBXGroup;
			children = (
				B57003F3265543E500A934B3 /* UIAlertControllerTests.swift */,
				B57003F5265543E500A934B3 /* Info.plist */,
			);
			path = UIAlertControllerTests;
			sourceTree = "<group>";
		};
		B57003FD265543E500A934B3 /* UIAlertControllerUITests */ = {
			isa = PBXGroup;
			children = (
				B57003FE265543E500A934B3 /* UIAlertControllerUITests.swift */,
				B5700400265543E500A934B3 /* Info.plist */,
			);
			path = UIAlertControllerUITests;
			sourceTree = "<group>";
		};
/* End PBXGroup section */

/* Begin PBXNativeTarget section */
		B57003D8265543E000A934B3 /* UIAlertController */ = {
			isa = PBXNativeTarget;
			buildConfigurationList = B5700403265543E600A934B3 /* Build configuration list for PBXNativeTarget "UIAlertController" */;
			buildPhases = (
				B57003D5265543E000A934B3 /* Sources */,
				B57003D6265543E000A934B3 /* Frameworks */,
				B57003D7265543E000A934B3 /* Resources */,
			);
			buildRules = (
			);
			dependencies = (
			);
			name = UIAlertController;
			productName = UIAlertController;
			productReference = B57003D9265543E000A934B3 /* UIAlertController.app */;
			productType = "com.apple.product-type.application";
		};
		B57003EE265543E500A934B3 /* UIAlertControllerTests */ = {
			isa = PBXNativeTarget;
			buildConfigurationList = B5700406265543E600A934B3 /* Build configuration list for PBXNativeTarget "UIAlertControllerTests" */;
			buildPhases = (
				B57003EB265543E500A934B3 /* Sources */,
				B57003EC265543E500A934B3 /* Frameworks */,
				B57003ED265543E500A934B3 /* Resources */,
			);
			buildRules = (
			);
			dependencies = (
				B57003F1265543E500A934B3 /* PBXTargetDependency */,
			);
			name = UIAlertControllerTests;
			productName = UIAlertControllerTests;
			productReference = B57003EF265543E500A934B3 /* UIAlertControllerTests.xctest */;
			productType = "com.apple.product-type.bundle.unit-test";
		};
		B57003F9265543E500A934B3 /* UIAlertControllerUITests */ = {
			isa = PBXNativeTarget;
			buildConfigurationList = B5700409265543E600A934B3 /* Build configuration list for PBXNativeTarget "UIAlertControllerUITests" */;
			buildPhases = (
				B57003F6265543E500A934B3 /* Sources */,
				B57003F7265543E500A934B3 /* Frameworks */,
				B57003F8265543E500A934B3 /* Resources */,
			);
			buildRules = (
			);
			dependencies = (
				B57003FC265543E500A934B3 /* PBXTargetDependency */,
			);
			name = UIAlertControllerUITests;
			productName = UIAlertControllerUITests;
			productReference = B57003FA265543E500A934B3 /* UIAlertControllerUITests.xctest */;
			productType = "com.apple.product-type.bundle.ui-testing";
		};
/* End PBXNativeTarget section */

/* Begin PBXProject section */
		B57003D1265543E000A934B3 /* Project object */ = {
			isa = PBXProject;
			attributes = {
				LastSwiftUpdateCheck = 1240;
				LastUpgradeCheck = 1240;
				TargetAttributes = {
					B57003D8265543E000A934B3 = {
						CreatedOnToolsVersion = 12.4;
					};
					B57003EE265543E500A934B3 = {
						CreatedOnToolsVersion = 12.4;
						TestTargetID = B57003D8265543E000A934B3;
					};
					B57003F9265543E500A934B3 = {
						CreatedOnToolsVersion = 12.4;
						TestTargetID = B57003D8265543E000A934B3;
					};
				};
			};
			buildConfigurationList = B57003D4265543E000A934B3 /* Build configuration list for PBXProject "UIAlertController" */;
			compatibilityVersion = "Xcode 9.3";
			developmentRegion = en;
			hasScannedForEncodings = 0;
			knownRegions = (
				en,
				Base,
			);
			mainGroup = B57003D0265543E000A934B3;
			productRefGroup = B57003DA265543E000A934B3 /* Products */;
			projectDirPath = "";
			projectRoot = "";
			targets = (
				B57003D8265543E000A934B3 /* UIAlertController */,
				B57003EE265543E500A934B3 /* UIAlertControllerTests */,
				B57003F9265543E500A934B3 /* UIAlertControllerUITests */,
			);
		};
/* End PBXProject section */

/* Begin PBXResourcesBuildPhase section */
		B57003D7265543E000A934B3 /* Resources */ = {
			isa = PBXResourcesBuildPhase;
			buildActionMask = 2147483647;
			files = (
				B57003E9265543E500A934B3 /* LaunchScreen.storyboard in Resources */,
				B57003E6265543E500A934B3 /* Assets.xcassets in Resources */,
				B57003E4265543E000A934B3 /* Main.storyboard in Resources */,
			);
			runOnlyForDeploymentPostprocessing = 0;
		};
		B57003ED265543E500A934B3 /* Resources */ = {
			isa = PBXResourcesBuildPhase;
			buildActionMask = 2147483647;
			files = (
			);
			runOnlyForDeploymentPostprocessing = 0;
		};
		B57003F8265543E500A934B3 /* Resources */ = {
			isa = PBXResourcesBuildPhase;
			buildActionMask = 2147483647;
			files = (
			);
			runOnlyForDeploymentPostprocessing = 0;
		};
/* End PBXResourcesBuildPhase section */

/* Begin PBXSourcesBuildPhase section */
		B57003D5265543E000A934B3 /* Sources */ = {
			isa = PBXSourcesBuildPhase;
			buildActionMask = 2147483647;
			files = (
				B5760D032656A5F500949924 /* UIAlertControllerExtension.swift in Sources */,
				B57003E1265543E000A934B3 /* ViewController.swift in Sources */,
				B57003DD265543E000A934B3 /* AppDelegate.swift in Sources */,
				B57003DF265543E000A934B3 /* SceneDelegate.swift in Sources */,
			);
			runOnlyForDeploymentPostprocessing = 0;
		};
		B57003EB265543E500A934B3 /* Sources */ = {
			isa = PBXSourcesBuildPhase;
			buildActionMask = 2147483647;
			files = (
				B57003F4265543E500A934B3 /* UIAlertControllerTests.swift in Sources */,
			);
			runOnlyForDeploymentPostprocessing = 0;
		};
		B57003F6265543E500A934B3 /* Sources */ = {
			isa = PBXSourcesBuildPhase;
			buildActionMask = 2147483647;
			files = (
				B57003FF265543E500A934B3 /* UIAlertControllerUITests.swift in Sources */,
			);
			runOnlyForDeploymentPostprocessing = 0;
		};
/* End PBXSourcesBuildPhase section */

/* Begin PBXTargetDependency section */
		B57003F1265543E500A934B3 /* PBXTargetDependency */ = {
			isa = PBXTargetDependency;
			target = B57003D8265543E000A934B3 /* UIAlertController */;
			targetProxy = B57003F0265543E500A934B3 /* PBXContainerItemProxy */;
		};
		B57003FC265543E500A934B3 /* PBXTargetDependency */ = {
			isa = PBXTargetDependency;
			target = B57003D8265543E000A934B3 /* UIAlertController */;
			targetProxy = B57003FB265543E500A934B3 /* PBXContainerItemProxy */;
		};
/* End PBXTargetDependency section */

/* Begin PBXVariantGroup section */
		B57003E2265543E000A934B3 /* Main.storyboard */ = {
			isa = PBXVariantGroup;
			children = (
				B57003E3265543E000A934B3 /* Base */,
			);
			name = Main.storyboard;
			sourceTree = "<group>";
		};
		B57003E7265543E500A934B3 /* LaunchScreen.storyboard */ = {
			isa = PBXVariantGroup;
			children = (
				B57003E8265543E500A934B3 /* Base */,
			);
			name = LaunchScreen.storyboard;
			sourceTree = "<group>";
		};
/* End PBXVariantGroup section */

/* Begin XCBuildConfiguration section */
		B5700401265543E500A934B3 /* Debug */ = {
			isa = XCBuildConfiguration;
			buildSettings = {
				ALWAYS_SEARCH_USER_PATHS = NO;
				CLANG_ANALYZER_NONNULL = YES;
				CLANG_ANALYZER_NUMBER_OBJECT_CONVERSION = YES_AGGRESSIVE;
				CLANG_CXX_LANGUAGE_STANDARD = "gnu++14";
				CLANG_CXX_LIBRARY = "libc++";
				CLANG_ENABLE_MODULES = YES;
				CLANG_ENABLE_OBJC_ARC = YES;
				CLANG_ENABLE_OBJC_WEAK = YES;
				CLANG_WARN_BLOCK_CAPTURE_AUTORELEASING = YES;
				CLANG_WARN_BOOL_CONVERSION = YES;
				CLANG_WARN_COMMA = YES;
				CLANG_WARN_CONSTANT_CONVERSION = YES;
				CLANG_WARN_DEPRECATED_OBJC_IMPLEMENTATIONS = YES;
				CLANG_WARN_DIRECT_OBJC_ISA_USAGE = YES_ERROR;
				CLANG_WARN_DOCUMENTATION_COMMENTS = YES;
				CLANG_WARN_EMPTY_BODY = YES;
				CLANG_WARN_ENUM_CONVERSION = YES;
				CLANG_WARN_INFINITE_RECURSION = YES;
				CLANG_WARN_INT_CONVERSION = YES;
				CLANG_WARN_NON_LITERAL_NULL_CONVERSION = YES;
				CLANG_WARN_OBJC_IMPLICIT_RETAIN_SELF = YES;
				CLANG_WARN_OBJC_LITERAL_CONVERSION = YES;
				CLANG_WARN_OBJC_ROOT_CLASS = YES_ERROR;
				CLANG_WARN_QUOTED_INCLUDE_IN_FRAMEWORK_HEADER = YES;
				CLANG_WARN_RANGE_LOOP_ANALYSIS = YES;
				CLANG_WARN_STRICT_PROTOTYPES = YES;
				CLANG_WARN_SUSPICIOUS_MOVE = YES;
				CLANG_WARN_UNGUARDED_AVAILABILITY = YES_AGGRESSIVE;
				CLANG_WARN_UNREACHABLE_CODE = YES;
				CLANG_WARN__DUPLICATE_METHOD_MATCH = YES;
				COPY_PHASE_STRIP = NO;
				DEBUG_INFORMATION_FORMAT = dwarf;
				ENABLE_STRICT_OBJC_MSGSEND = YES;
				ENABLE_TESTABILITY = YES;
				GCC_C_LANGUAGE_STANDARD = gnu11;
				GCC_DYNAMIC_NO_PIC = NO;
				GCC_NO_COMMON_BLOCKS = YES;
				GCC_OPTIMIZATION_LEVEL = 0;
				GCC_PREPROCESSOR_DEFINITIONS = (
					"DEBUG=1",
					"$(inherited)",
				);
				GCC_WARN_64_TO_32_BIT_CONVERSION = YES;
				GCC_WARN_ABOUT_RETURN_TYPE = YES_ERROR;
				GCC_WARN_UNDECLARED_SELECTOR = YES;
				GCC_WARN_UNINITIALIZED_AUTOS = YES_AGGRESSIVE;
				GCC_WARN_UNUSED_FUNCTION = YES;
				GCC_WARN_UNUSED_VARIABLE = YES;
				IPHONEOS_DEPLOYMENT_TARGET = 14.4;
				MTL_ENABLE_DEBUG_INFO = INCLUDE_SOURCE;
				MTL_FAST_MATH = YES;
				ONLY_ACTIVE_ARCH = YES;
				SDKROOT = iphoneos;
				SWIFT_ACTIVE_COMPILATION_CONDITIONS = DEBUG;
				SWIFT_OPTIMIZATION_LEVEL = "-Onone";
			};
			name = Debug;
		};
		B5700402265543E500A934B3 /* Release */ = {
			isa = XCBuildConfiguration;
			buildSettings = {
				ALWAYS_SEARCH_USER_PATHS = NO;
				CLANG_ANALYZER_NONNULL = YES;
				CLANG_ANALYZER_NUMBER_OBJECT_CONVERSION = YES_AGGRESSIVE;
				CLANG_CXX_LANGUAGE_STANDARD = "gnu++14";
				CLANG_CXX_LIBRARY = "libc++";
				CLANG_ENABLE_MODULES = YES;
				CLANG_ENABLE_OBJC_ARC = YES;
				CLANG_ENABLE_OBJC_WEAK = YES;
				CLANG_WARN_BLOCK_CAPTURE_AUTORELEASING = YES;
				CLANG_WARN_BOOL_CONVERSION = YES;
				CLANG_WARN_COMMA = YES;
				CLANG_WARN_CONSTANT_CONVERSION = YES;
				CLANG_WARN_DEPRECATED_OBJC_IMPLEMENTATIONS = YES;
				CLANG_WARN_DIRECT_OBJC_ISA_USAGE = YES_ERROR;
				CLANG_WARN_DOCUMENTATION_COMMENTS = YES;
				CLANG_WARN_EMPTY_BODY = YES;
				CLANG_WARN_ENUM_CONVERSION = YES;
				CLANG_WARN_INFINITE_RECURSION = YES;
				CLANG_WARN_INT_CONVERSION = YES;
				CLANG_WARN_NON_LITERAL_NULL_CONVERSION = YES;
				CLANG_WARN_OBJC_IMPLICIT_RETAIN_SELF = YES;
				CLANG_WARN_OBJC_LITERAL_CONVERSION = YES;
				CLANG_WARN_OBJC_ROOT_CLASS = YES_ERROR;
				CLANG_WARN_QUOTED_INCLUDE_IN_FRAMEWORK_HEADER = YES;
				CLANG_WARN_RANGE_LOOP_ANALYSIS = YES;
				CLANG_WARN_STRICT_PROTOTYPES = YES;
				CLANG_WARN_SUSPICIOUS_MOVE = YES;
				CLANG_WARN_UNGUARDED_AVAILABILITY = YES_AGGRESSIVE;
				CLANG_WARN_UNREACHABLE_CODE = YES;
				CLANG_WARN__DUPLICATE_METHOD_MATCH = YES;
				COPY_PHASE_STRIP = NO;
				DEBUG_INFORMATION_FORMAT = "dwarf-with-dsym";
				ENABLE_NS_ASSERTIONS = NO;
				ENABLE_STRICT_OBJC_MSGSEND = YES;
				GCC_C_LANGUAGE_STANDARD = gnu11;
				GCC_NO_COMMON_BLOCKS = YES;
				GCC_WARN_64_TO_32_BIT_CONVERSION = YES;
				GCC_WARN_ABOUT_RETURN_TYPE = YES_ERROR;
				GCC_WARN_UNDECLARED_SELECTOR = YES;
				GCC_WARN_UNINITIALIZED_AUTOS = YES_AGGRESSIVE;
				GCC_WARN_UNUSED_FUNCTION = YES;
				GCC_WARN_UNUSED_VARIABLE = YES;
				IPHONEOS_DEPLOYMENT_TARGET = 14.4;
				MTL_ENABLE_DEBUG_INFO = NO;
				MTL_FAST_MATH = YES;
				SDKROOT = iphoneos;
				SWIFT_COMPILATION_MODE = wholemodule;
				SWIFT_OPTIMIZATION_LEVEL = "-O";
				VALIDATE_PRODUCT = YES;
			};
			name = Release;
		};
		B5700404265543E600A934B3 /* Debug */ = {
			isa = XCBuildConfiguration;
			buildSettings = {
				ASSETCATALOG_COMPILER_APPICON_NAME = AppIcon;
				ASSETCATALOG_COMPILER_GLOBAL_ACCENT_COLOR_NAME = AccentColor;
				CODE_SIGN_STYLE = Automatic;
				INFOPLIST_FILE = UIAlertController/Info.plist;
				LD_RUNPATH_SEARCH_PATHS = (
					"$(inherited)",
					"@executable_path/Frameworks",
				);
				PRODUCT_BUNDLE_IDENTIFIER = Dayamoy.UIAlertController;
				PRODUCT_NAME = "$(TARGET_NAME)";
				SWIFT_VERSION = 5.0;
				TARGETED_DEVICE_FAMILY = "1,2";
			};
			name = Debug;
		};
		B5700405265543E600A934B3 /* Release */ = {
			isa = XCBuildConfiguration;
			buildSettings = {
				ASSETCATALOG_COMPILER_APPICON_NAME = AppIcon;
				ASSETCATALOG_COMPILER_GLOBAL_ACCENT_COLOR_NAME = AccentColor;
				CODE_SIGN_STYLE = Automatic;
				INFOPLIST_FILE = UIAlertController/Info.plist;
				LD_RUNPATH_SEARCH_PATHS = (
					"$(inherited)",
					"@executable_path/Frameworks",
				);
				PRODUCT_BUNDLE_IDENTIFIER = Dayamoy.UIAlertController;
				PRODUCT_NAME = "$(TARGET_NAME)";
				SWIFT_VERSION = 5.0;
				TARGETED_DEVICE_FAMILY = "1,2";
			};
			name = Release;
		};
		B5700407265543E600A934B3 /* Debug */ = {
			isa = XCBuildConfiguration;
			buildSettings = {
				ALWAYS_EMBED_SWIFT_STANDARD_LIBRARIES = YES;
				BUNDLE_LOADER = "$(TEST_HOST)";
				CODE_SIGN_STYLE = Automatic;
				INFOPLIST_FILE = UIAlertControllerTests/Info.plist;
				IPHONEOS_DEPLOYMENT_TARGET = 14.4;
				LD_RUNPATH_SEARCH_PATHS = (
					"$(inherited)",
					"@executable_path/Frameworks",
					"@loader_path/Frameworks",
				);
				PRODUCT_BUNDLE_IDENTIFIER = Dayamoy.UIAlertControllerTests;
				PRODUCT_NAME = "$(TARGET_NAME)";
				SWIFT_VERSION = 5.0;
				TARGETED_DEVICE_FAMILY = "1,2";
				TEST_HOST = "$(BUILT_PRODUCTS_DIR)/UIAlertController.app/UIAlertController";
			};
			name = Debug;
		};
		B5700408265543E600A934B3 /* Release */ = {
			isa = XCBuildConfiguration;
			buildSettings = {
				ALWAYS_EMBED_SWIFT_STANDARD_LIBRARIES = YES;
				BUNDLE_LOADER = "$(TEST_HOST)";
				CODE_SIGN_STYLE = Automatic;
				INFOPLIST_FILE = UIAlertControllerTests/Info.plist;
				IPHONEOS_DEPLOYMENT_TARGET = 14.4;
				LD_RUNPATH_SEARCH_PATHS = (
					"$(inherited)",
					"@executable_path/Frameworks",
					"@loader_path/Frameworks",
				);
				PRODUCT_BUNDLE_IDENTIFIER = Dayamoy.UIAlertControllerTests;
				PRODUCT_NAME = "$(TARGET_NAME)";
				SWIFT_VERSION = 5.0;
				TARGETED_DEVICE_FAMILY = "1,2";
				TEST_HOST = "$(BUILT_PRODUCTS_DIR)/UIAlertController.app/UIAlertController";
			};
			name = Release;
		};
		B570040A265543E600A934B3 /* Debug */ = {
			isa = XCBuildConfiguration;
			buildSettings = {
				ALWAYS_EMBED_SWIFT_STANDARD_LIBRARIES = YES;
				CODE_SIGN_STYLE = Automatic;
				INFOPLIST_FILE = UIAlertControllerUITests/Info.plist;
				LD_RUNPATH_SEARCH_PATHS = (
					"$(inherited)",
					"@executable_path/Frameworks",
					"@loader_path/Frameworks",
				);
				PRODUCT_BUNDLE_IDENTIFIER = Dayamoy.UIAlertControllerUITests;
				PRODUCT_NAME = "$(TARGET_NAME)";
				SWIFT_VERSION = 5.0;
				TARGETED_DEVICE_FAMILY = "1,2";
				TEST_TARGET_NAME = UIAlertController;
			};
			name = Debug;
		};
		B570040B265543E600A934B3 /* Release */ = {
			isa = XCBuildConfiguration;
			buildSettings = {
				ALWAYS_EMBED_SWIFT_STANDARD_LIBRARIES = YES;
				CODE_SIGN_STYLE = Automatic;
				INFOPLIST_FILE = UIAlertControllerUITests/Info.plist;
				LD_RUNPATH_SEARCH_PATHS = (
					"$(inherited)",
					"@executable_path/Frameworks",
					"@loader_path/Frameworks",
				);
				PRODUCT_BUNDLE_IDENTIFIER = Dayamoy.UIAlertControllerUITests;
				PRODUCT_NAME = "$(TARGET_NAME)";
				SWIFT_VERSION = 5.0;
				TARGETED_DEVICE_FAMILY = "1,2";
				TEST_TARGET_NAME = UIAlertController;
			};
			name = Release;
		};
/* End XCBuildConfiguration section */

/* Begin XCConfigurationList section */
		B57003D4265543E000A934B3 /* Build configuration list for PBXProject "UIAlertController" */ = {
			isa = XCConfigurationList;
			buildConfigurations = (
				B5700401265543E500A934B3 /* Debug */,
				B5700402265543E500A934B3 /* Release */,
			);
			defaultConfigurationIsVisible = 0;
			defaultConfigurationName = Release;
		};
		B5700403265543E600A934B3 /* Build configuration list for PBXNativeTarget "UIAlertController" */ = {
			isa = XCConfigurationList;
			buildConfigurations = (
				B5700404265543E600A934B3 /* Debug */,
				B5700405265543E600A934B3 /* Release */,
			);
			defaultConfigurationIsVisible = 0;
			defaultConfigurationName = Release;
		};
		B5700406265543E600A934B3 /* Build configuration list for PBXNativeTarget "UIAlertControllerTests" */ = {
			isa = XCConfigurationList;
			buildConfigurations = (
				B5700407265543E600A934B3 /* Debug */,
				B5700408265543E600A934B3 /* Release */,
			);
			defaultConfigurationIsVisible = 0;
			defaultConfigurationName = Release;
		};
		B5700409265543E600A934B3 /* Build configuration list for PBXNativeTarget "UIAlertControllerUITests" */ = {
			isa = XCConfigurationList;
			buildConfigurations = (
				B570040A265543E600A934B3 /* Debug */,
				B570040B265543E600A934B3 /* Release */,
			);
			defaultConfigurationIsVisible = 0;
			defaultConfigurationName = Release;
		};
/* End XCConfigurationList section */
	};
	rootObject = B57003D1265543E000A934B3 /* Project object */;
}
